
Microsoft Visual Studio Solution File, Format Version 12.00
# Visual Studio Version 16
VisualStudioVersion = 16.0.30804.86
MinimumVisualStudioVersion = 10.0.40219.1
Project("{FAE04EC0-301F-11D3-BF4B-00C04F79EFBC}") = "Harjoitus16", "Harjoitus16\Harjoitus16.csproj", "{F6118738-201B-4556-9D87-C1C7E7ECCE66}"
EndProject
Global
	GlobalSection(SolutionConfigurationPlatforms) = preSolution
		Debug|Any CPU = Debug|Any CPU
		Release|Any CPU = Release|Any CPU
	EndGlobalSection
	GlobalSection(ProjectConfigurationPlatforms) = postSolution
		{F6118738-201B-4556-9D87-C1C7E7ECCE66}.Debug|Any CPU.ActiveCfg = Debug|Any CPU
		{F6118738-201B-4556-9D87-C1C7E7ECCE66}.Debug|Any CPU.Build.0 = Debug|Any CPU
		{F6118738-201B-4556-9D87-C1C7E7ECCE66}.Release|Any CPU.ActiveCfg = Release|Any CPU
		{F6118738-201B-4556-9D87-C1C7E7ECCE66}.Release|Any CPU.Build.0 = Release|Any CPU
	EndGlobalSection
	GlobalSection(SolutionProperties) = preSolution
		HideSolutionNode = FALSE
	EndGlobalSection
	GlobalSection(ExtensibilityGlobals) = postSolution
		SolutionGuid = {7D24397D-9B57-4DAE-9E6E-47C92E79845A}
	EndGlobalSection
EndGlobal
